
Microsoft Visual Studio Solution File, Format Version 12.00
# Visual Studio Version 17
VisualStudioVersion = 17.4.33205.214
MinimumVisualStudioVersion = 10.0.40219.1
Project("{FAE04EC0-301F-11D3-BF4B-00C04F79EFBC}") = "APIForReactApp", "APIForReactApp.csproj", "{80439238-8849-41AA-B890-9523E1CCB444}"
EndProject
Global
	GlobalSection(SolutionConfigurationPlatforms) = preSolution
		Debug|Any CPU = Debug|Any CPU
		Release|Any CPU = Release|Any CPU
	EndGlobalSection
	GlobalSection(ProjectConfigurationPlatforms) = postSolution
		{80439238-8849-41AA-B890-9523E1CCB444}.Debug|Any CPU.ActiveCfg = Debug|Any CPU
		{80439238-8849-41AA-B890-9523E1CCB444}.Debug|Any CPU.Build.0 = Debug|Any CPU
		{80439238-8849-41AA-B890-9523E1CCB444}.Release|Any CPU.ActiveCfg = Release|Any CPU
		{80439238-8849-41AA-B890-9523E1CCB444}.Release|Any CPU.Build.0 = Release|Any CPU
	EndGlobalSection
	GlobalSection(SolutionProperties) = preSolution
		HideSolutionNode = FALSE
	EndGlobalSection
	GlobalSection(ExtensibilityGlobals) = postSolution
		SolutionGuid = {088AFA89-DA8E-4C07-8C0C-A27337098E0E}
	EndGlobalSection
EndGlobal
